{
  "lockfileVersion": 1,
  "workspaces": {
    "": {
      "name": "portfolio",
      "dependencies": {
        "tailwindcss-animate": "^1.0.7",
      },
    },
  },
  "packages": {
    "tailwindcss": ["tailwindcss@4.0.15", "", {}, "sha512-6ZMg+hHdMJpjpeCCFasX7K+U615U9D+7k5/cDK/iRwl6GptF24+I/AbKgOnXhVKePzrEyIXutLv36n4cRsq3Sg=="],

    "tailwindcss-animate": ["tailwindcss-animate@1.0.7", "", { "peerDependencies": { "tailwindcss": ">=3.0.0 || insiders" } }, "sha512-bl6mpH3T7I3UFxuvDEXLxy/VuFxBk5bbzplh7tXI68mwMokNYd1t9qPBHlnyTwfa4JGC4zP516I1hYYtQ/vspA=="],
  }
}
